
Microsoft Visual Studio Solution File, Format Version 11.00
# Visual C# Express 2010
Project("{FAE04EC0-301F-11D3-BF4B-00C04F79EFBC}") = "Brejkaut", "Brejkaut\Brejkaut.csproj", "{94B10724-5E01-4BC2-B545-70A8A436F812}"
EndProject
Global
	GlobalSection(SolutionConfigurationPlatforms) = preSolution
		Debug|x86 = Debug|x86
		Release|x86 = Release|x86
	EndGlobalSection
	GlobalSection(ProjectConfigurationPlatforms) = postSolution
		{94B10724-5E01-4BC2-B545-70A8A436F812}.Debug|x86.ActiveCfg = Debug|x86
		{94B10724-5E01-4BC2-B545-70A8A436F812}.Debug|x86.Build.0 = Debug|x86
		{94B10724-5E01-4BC2-B545-70A8A436F812}.Release|x86.ActiveCfg = Release|x86
		{94B10724-5E01-4BC2-B545-70A8A436F812}.Release|x86.Build.0 = Release|x86
	EndGlobalSection
	GlobalSection(SolutionProperties) = preSolution
		HideSolutionNode = FALSE
	EndGlobalSection
EndGlobal
